
Microsoft Visual Studio Solution File, Format Version 12.00
# Visual Studio Version 16
VisualStudioVersion = 16.0.29123.88
MinimumVisualStudioVersion = 10.0.40219.1
Project("{9A19103F-16F7-4668-BE54-9A1E7A4F7556}") = "DynamicEntities.Entities", "DynamicEntities.Entities\DynamicEntities.Entities.csproj", "{66DF4F22-C95B-47F2-BF99-94EA5D76A575}"
EndProject
Project("{FAE04EC0-301F-11D3-BF4B-00C04F79EFBC}") = "DynamicEntities.Helpers", "DynamicEntities.Helpers\DynamicEntities.Helpers.csproj", "{C0EAC241-68BB-4F24-952A-E711926E0769}"
EndProject
Project("{FAE04EC0-301F-11D3-BF4B-00C04F79EFBC}") = "DynamicEntities.Test", "DynamicEntities.Test\DynamicEntities.Test.csproj", "{BA90FB5B-A137-419F-8982-B0CEA6B54A33}"
EndProject
Global
	GlobalSection(SolutionConfigurationPlatforms) = preSolution
		Debug|Any CPU = Debug|Any CPU
		Release|Any CPU = Release|Any CPU
	EndGlobalSection
	GlobalSection(ProjectConfigurationPlatforms) = postSolution
		{66DF4F22-C95B-47F2-BF99-94EA5D76A575}.Debug|Any CPU.ActiveCfg = Debug|Any CPU
		{66DF4F22-C95B-47F2-BF99-94EA5D76A575}.Debug|Any CPU.Build.0 = Debug|Any CPU
		{66DF4F22-C95B-47F2-BF99-94EA5D76A575}.Release|Any CPU.ActiveCfg = Release|Any CPU
		{66DF4F22-C95B-47F2-BF99-94EA5D76A575}.Release|Any CPU.Build.0 = Release|Any CPU
		{C0EAC241-68BB-4F24-952A-E711926E0769}.Debug|Any CPU.ActiveCfg = Debug|Any CPU
		{C0EAC241-68BB-4F24-952A-E711926E0769}.Debug|Any CPU.Build.0 = Debug|Any CPU
		{C0EAC241-68BB-4F24-952A-E711926E0769}.Release|Any CPU.ActiveCfg = Release|Any CPU
		{C0EAC241-68BB-4F24-952A-E711926E0769}.Release|Any CPU.Build.0 = Release|Any CPU
		{BA90FB5B-A137-419F-8982-B0CEA6B54A33}.Debug|Any CPU.ActiveCfg = Debug|Any CPU
		{BA90FB5B-A137-419F-8982-B0CEA6B54A33}.Debug|Any CPU.Build.0 = Debug|Any CPU
		{BA90FB5B-A137-419F-8982-B0CEA6B54A33}.Release|Any CPU.ActiveCfg = Release|Any CPU
		{BA90FB5B-A137-419F-8982-B0CEA6B54A33}.Release|Any CPU.Build.0 = Release|Any CPU
	EndGlobalSection
	GlobalSection(SolutionProperties) = preSolution
		HideSolutionNode = FALSE
	EndGlobalSection
	GlobalSection(ExtensibilityGlobals) = postSolution
		SolutionGuid = {0524B90A-DC4C-4493-B614-92CBD84DF826}
	EndGlobalSection
EndGlobal
